# THIS IS AN AUTOGENERATED FILE. DO NOT EDIT THIS FILE DIRECTLY.
# yarn lockfile v1


adler-32@~1.2.0:
  version "1.2.0"
  resolved "https://registry.yarnpkg.com/adler-32/-/adler-32-1.2.0.tgz#6a3e6bf0a63900ba15652808cb15c6813d1a5f25"
  integrity sha1-aj5r8KY5ALoVZSgIyxXGgT0aXyU=
  dependencies:
    exit-on-epipe "~1.0.1"
    printj "~1.1.0"

array-uniq@1.0.2:
  version "1.0.2"
  resolved "https://registry.yarnpkg.com/array-uniq/-/array-uniq-1.0.2.tgz#5fcc373920775723cfd64d65c64bef53bf9eba6d"
  integrity sha1-X8w3OSB3VyPP1k1lxkvvU7+eum0=

cfb@^1.1.0:
  version "1.1.0"
  resolved "https://registry.yarnpkg.com/cfb/-/cfb-1.1.0.tgz#44fb1b30eee014fa5633a0ed5f26c87fd765799a"
  integrity sha512-ZqfxNGWTMKhd0a/n6YKJLq8hWbd5kR3cA4kXwUj9vVEdHlwJ09werR8gN15Z7Y1FTXqdD6dE3GGCxv4uc28raA==
  dependencies:
    adler-32 "~1.2.0"
    commander "^2.16.0"
    crc-32 "~1.2.0"
    printj "~1.1.2"

codepage@~1.14.0:
  version "1.14.0"
  resolved "https://registry.yarnpkg.com/codepage/-/codepage-1.14.0.tgz#8cbe25481323559d7d307571b0fff91e7a1d2f99"
  integrity sha1-jL4lSBMjVZ19MHVxsP/5HnodL5k=
  dependencies:
    commander "~2.14.1"
    exit-on-epipe "~1.0.1"

commander@^2.16.0:
  version "2.19.0"
  resolved "https://registry.yarnpkg.com/commander/-/commander-2.19.0.tgz#f6198aa84e5b83c46054b94ddedbfed5ee9ff12a"
  integrity sha512-6tvAOO+D6OENvRAh524Dh9jcfKTYDQAqvqezbCW82xj5X0pSrcpxtvRKHLG0yBY6SD7PSDrJaj+0AiOcKVd1Xg==

commander@~2.14.1:
  version "2.14.1"
  resolved "https://registry.yarnpkg.com/commander/-/commander-2.14.1.tgz#2235123e37af8ca3c65df45b026dbd357b01b9aa"
  integrity sha512-+YR16o3rK53SmWHU3rEM3tPAh2rwb1yPcQX5irVn7mb0gXbwuCCrnkbV5+PBfETdfg1vui07nM6PCG1zndcjQw==

commander@~2.17.1:
  version "2.17.1"
  resolved "https://registry.yarnpkg.com/commander/-/commander-2.17.1.tgz#bd77ab7de6de94205ceacc72f1716d29f20a77bf"
  integrity sha512-wPMUt6FnH2yzG95SA6mzjQOEKUU3aLaDEmzs1ti+1E9h+CsrZghRlqEM/EJ4KscsQVG8uNN4uVreUeT8+drlgg==

crc-32@~1.2.0:
  version "1.2.0"
  resolved "https://registry.yarnpkg.com/crc-32/-/crc-32-1.2.0.tgz#cb2db6e29b88508e32d9dd0ec1693e7b41a18208"
  integrity sha512-1uBwHxF+Y/4yF5G48fwnKq6QsIXheor3ZLPT80yGBV1oEUwpPojlEhQbWKVw1VwcTQyMGHK1/XMmTjmlsmTTGA==
  dependencies:
    exit-on-epipe "~1.0.1"
    printj "~1.1.0"

exit-on-epipe@~1.0.1:
  version "1.0.1"
  resolved "https://registry.yarnpkg.com/exit-on-epipe/-/exit-on-epipe-1.0.1.tgz#0bdd92e87d5285d267daa8171d0eb06159689692"
  integrity sha512-h2z5mrROTxce56S+pnvAV890uu7ls7f1kEvVGJbw1OlFH3/mlJ5bkXu0KRyW94v37zzHPiUd55iLn3DA7TjWpw==

frac@~1.1.2:
  version "1.1.2"
  resolved "https://registry.yarnpkg.com/frac/-/frac-1.1.2.tgz#3d74f7f6478c88a1b5020306d747dc6313c74d0b"
  integrity sha512-w/XBfkibaTl3YDqASwfDUqkna4Z2p9cFSr1aHDt0WoMTECnRfBOv2WArlZILlqgWlmdIlALXGpM2AOhEk5W3IA==

printj@~1.1.0, printj@~1.1.2:
  version "1.1.2"
  resolved "https://registry.yarnpkg.com/printj/-/printj-1.1.2.tgz#d90deb2975a8b9f600fb3a1c94e3f4c53c78a222"
  integrity sha512-zA2SmoLaxZyArQTOPj5LXecR+RagfPSU5Kw1qP+jkWeNlrq+eJZyY2oS68SU1Z/7/myXM4lo9716laOFAVStCQ==

randomstring@^1.1.5:
  version "1.1.5"
  resolved "https://registry.yarnpkg.com/randomstring/-/randomstring-1.1.5.tgz#6df0628f75cbd5932930d9fe3ab4e956a18518c3"
  integrity sha1-bfBij3XL1ZMpMNn+OrTpVqGFGMM=
  dependencies:
    array-uniq "1.0.2"

ssf@~0.10.2:
  version "0.10.2"
  resolved "https://registry.yarnpkg.com/ssf/-/ssf-0.10.2.tgz#65b2b4fcdfd967bc8e8383a41349009893115976"
  integrity sha512-rDhAPm9WyIsY8eZEKyE8Qsotb3j/wBdvMWBUsOhJdfhKGLfQidRjiBUV0y/MkyCLiXQ38FG6LWW/VYUtqlIDZQ==
  dependencies:
    frac "~1.1.2"

xlsx@^0.14.1:
  version "0.14.1"
  resolved "https://registry.yarnpkg.com/xlsx/-/xlsx-0.14.1.tgz#ecedf536bd1e94055486ff484f5888dcaa89bd3d"
  integrity sha512-7hjB5YuyJo1fuuzXQjwuxD8LSUzE4Rxu5ToC3fB5JSunZxGjLcgKg69bEFG9GYoxeVDx5GL0k1dUodlvaQNRQw==
  dependencies:
    adler-32 "~1.2.0"
    cfb "^1.1.0"
    codepage "~1.14.0"
    commander "~2.17.1"
    crc-32 "~1.2.0"
    exit-on-epipe "~1.0.1"
    ssf "~0.10.2"
